// !$*UTF8*$!
{
	archiveVersion = 1;
	classes = {
	};
	objectVersion = 46;
	objects = {

/* Begin PBXBuildFile section */
		7ED1D6871E3B45E500501F5D /* UrlAddress.swift in Sources */ = {isa = PBXBuildFile; fileRef = 7ED1D6861E3B45E500501F5D /* UrlAddress.swift */; };
		7EEDD0F41E3B1B9200C4E56F /* AppDelegate.swift in Sources */ = {isa = PBXBuildFile; fileRef = 7EEDD0F31E3B1B9200C4E56F /* AppDelegate.swift */; };
		7EEDD0F61E3B1B9200C4E56F /* ViewController.swift in Sources */ = {isa = PBXBuildFile; fileRef = 7EEDD0F51E3B1B9200C4E56F /* ViewController.swift */; };
		7EEDD0F91E3B1B9200C4E56F /* Main.storyboard in Resources */ = {isa = PBXBuildFile; fileRef = 7EEDD0F71E3B1B9200C4E56F /* Main.storyboard */; };
		7EEDD0FB1E3B1B9200C4E56F /* Assets.xcassets in Resources */ = {isa = PBXBuildFile; fileRef = 7EEDD0FA1E3B1B9200C4E56F /* Assets.xcassets */; };
		7EEDD0FE1E3B1B9200C4E56F /* LaunchScreen.storyboard in Resources */ = {isa = PBXBuildFile; fileRef = 7EEDD0FC1E3B1B9200C4E56F /* LaunchScreen.storyboard */; };
		7EEDD1091E3B1B9200C4E56F /* WebViewTests.swift in Sources */ = {isa = PBXBuildFile; fileRef = 7EEDD1081E3B1B9200C4E56F /* WebViewTests.swift */; };
		7EEDD1141E3B1B9200C4E56F /* WebViewUITests.swift in Sources */ = {isa = PBXBuildFile; fileRef = 7EEDD1131E3B1B9200C4E56F /* WebViewUITests.swift */; };
/* End PBXBuildFile section */

/* Begin PBXContainerItemProxy section */
		7EEDD1051E3B1B9200C4E56F /* PBXContainerItemProxy */ = {
			isa = PBXContainerItemProxy;
			containerPortal = 7EEDD0E81E3B1B9100C4E56F /* Project object */;
			proxyType = 1;
			remoteGlobalIDString = 7EEDD0EF1E3B1B9100C4E56F;
			remoteInfo = WebView;
		};
		7EEDD1101E3B1B9200C4E56F /* PBXContainerItemProxy */ = {
			isa = PBXContainerItemProxy;
			containerPortal = 7EEDD0E81E3B1B9100C4E56F /* Project object */;
			proxyType = 1;
			remoteGlobalIDString = 7EEDD0EF1E3B1B9100C4E56F;
			remoteInfo = WebView;
		};
/* End PBXContainerItemProxy section */

/* Begin PBXFileReference section */
		7ED1D6861E3B45E500501F5D /* UrlAddress.swift */ = {isa = PBXFileReference; fileEncoding = 4; lastKnownFileType = sourcecode.swift; path = UrlAddress.swift; sourceTree = "<group>"; };
		7EEDD0F01E3B1B9200C4E56F /* WebView.app */ = {isa = PBXFileReference; explicitFileType = wrapper.application; includeInIndex = 0; path = WebView.app; sourceTree = BUILT_PRODUCTS_DIR; };
		7EEDD0F31E3B1B9200C4E56F /* AppDelegate.swift */ = {isa = PBXFileReference; lastKnownFileType = sourcecode.swift; path = AppDelegate.swift; sourceTree = "<group>"; };
		7EEDD0F51E3B1B9200C4E56F /* ViewController.swift */ = {isa = PBXFileReference; lastKnownFileType = sourcecode.swift; path = ViewController.swift; sourceTree = "<group>"; };
		7EEDD0F81E3B1B9200C4E56F /* Base */ = {isa = PBXFileReference; lastKnownFileType = file.storyboard; name = Base; path = Base.lproj/Main.storyboard; sourceTree = "<group>"; };
		7EEDD0FA1E3B1B9200C4E56F /* Assets.xcassets */ = {isa = PBXFileReference; lastKnownFileType = folder.assetcatalog; path = Assets.xcassets; sourceTree = "<group>"; };
		7EEDD0FD1E3B1B9200C4E56F /* Base */ = {isa = PBXFileReference; lastKnownFileType = file.storyboard; name = Base; path = Base.lproj/LaunchScreen.storyboard; sourceTree = "<group>"; };
		7EEDD0FF1E3B1B9200C4E56F /* Info.plist */ = {isa = PBXFileReference; lastKnownFileType = text.plist.xml; path = Info.plist; sourceTree = "<group>"; };
		7EEDD1041E3B1B9200C4E56F /* WebViewTests.xctest */ = {isa = PBXFileReference; explicitFileType = wrapper.cfbundle; includeInIndex = 0; path = WebViewTests.xctest; sourceTree = BUILT_PRODUCTS_DIR; };
		7EEDD1081E3B1B9200C4E56F /* WebViewTests.swift */ = {isa = PBXFileReference; lastKnownFileType = sourcecode.swift; path = WebViewTests.swift; sourceTree = "<group>"; };
		7EEDD10A1E3B1B9200C4E56F /* Info.plist */ = {isa = PBXFileReference; lastKnownFileType = text.plist.xml; path = Info.plist; sourceTree = "<group>"; };
		7EEDD10F1E3B1B9200C4E56F /* WebViewUITests.xctest */ = {isa = PBXFileReference; explicitFileType = wrapper.cfbundle; includeInIndex = 0; path = WebViewUITests.xctest; sourceTree = BUILT_PRODUCTS_DIR; };
		7EEDD1131E3B1B9200C4E56F /* WebViewUITests.swift */ = {isa = PBXFileReference; lastKnownFileType = sourcecode.swift; path = WebViewUITests.swift; sourceTree = "<group>"; };
		7EEDD1151E3B1B9200C4E56F /* Info.plist */ = {isa = PBXFileReference; lastKnownFileType = text.plist.xml; path = Info.plist; sourceTree = "<group>"; };
/* End PBXFileReference section */

/* Begin PBXFrameworksBuildPhase section */
		7EEDD0ED1E3B1B9100C4E56F /* Frameworks */ = {
			isa = PBXFrameworksBuildPhase;
			buildActionMask = 2147483647;
			files = (
			);
			runOnlyForDeploymentPostprocessing = 0;
		};
		7EEDD1011E3B1B9200C4E56F /* Frameworks */ = {
			isa = PBXFrameworksBuildPhase;
			buildActionMask = 2147483647;
			files = (
			);
			runOnlyForDeploymentPostprocessing = 0;
		};
		7EEDD10C1E3B1B9200C4E56F /* Frameworks */ = {
			isa = PBXFrameworksBuildPhase;
			buildActionMask = 2147483647;
			files = (
			);
			runOnlyForDeploymentPostprocessing = 0;
		};
/* End PBXFrameworksBuildPhase section */

/* Begin PBXGroup section */
		7EEDD0E71E3B1B9100C4E56F = {
			isa = PBXGroup;
			children = (
				7EEDD0F21E3B1B9200C4E56F /* WebView */,
				7EEDD1071E3B1B9200C4E56F /* WebViewTests */,
				7EEDD1121E3B1B9200C4E56F /* WebViewUITests */,
				7EEDD0F11E3B1B9200C4E56F /* Products */,
			);
			sourceTree = "<group>";
		};
		7EEDD0F11E3B1B9200C4E56F /* Products */ = {
			isa = PBXGroup;
			children = (
				7EEDD0F01E3B1B9200C4E56F /* WebView.app */,
				7EEDD1041E3B1B9200C4E56F /* WebViewTests.xctest */,
				7EEDD10F1E3B1B9200C4E56F /* WebViewUITests.xctest */,
			);
			name = Products;
			sourceTree = "<group>";
		};
		7EEDD0F21E3B1B9200C4E56F /* WebView */ = {
			isa = PBXGroup;
			children = (
				7EEDD0F31E3B1B9200C4E56F /* AppDelegate.swift */,
				7EEDD0F51E3B1B9200C4E56F /* ViewController.swift */,
				7ED1D6861E3B45E500501F5D /* UrlAddress.swift */,
				7EEDD0F71E3B1B9200C4E56F /* Main.storyboard */,
				7EEDD0FA1E3B1B9200C4E56F /* Assets.xcassets */,
				7EEDD0FC1E3B1B9200C4E56F /* LaunchScreen.storyboard */,
				7EEDD0FF1E3B1B9200C4E56F /* Info.plist */,
			);
			path = WebView;
			sourceTree = "<group>";
		};
		7EEDD1071E3B1B9200C4E56F /* WebViewTests */ = {
			isa = PBXGroup;
			children = (
				7EEDD1081E3B1B9200C4E56F /* WebViewTests.swift */,
				7EEDD10A1E3B1B9200C4E56F /* Info.plist */,
			);
			path = WebViewTests;
			sourceTree = "<group>";
		};
		7EEDD1121E3B1B9200C4E56F /* WebViewUITests */ = {
			isa = PBXGroup;
			children = (
				7EEDD1131E3B1B9200C4E56F /* WebViewUITests.swift */,
				7EEDD1151E3B1B9200C4E56F /* Info.plist */,
			);
			path = WebViewUITests;
			sourceTree = "<group>";
		};
/* End PBXGroup section */

/* Begin PBXNativeTarget section */
		7EEDD0EF1E3B1B9100C4E56F /* WebView */ = {
			isa = PBXNativeTarget;
			buildConfigurationList = 7EEDD1181E3B1B9200C4E56F /* Build configuration list for PBXNativeTarget "WebView" */;
			buildPhases = (
				7EEDD0EC1E3B1B9100C4E56F /* Sources */,
				7EEDD0ED1E3B1B9100C4E56F /* Frameworks */,
				7EEDD0EE1E3B1B9100C4E56F /* Resources */,
			);
			buildRules = (
			);
			dependencies = (
			);
			name = WebView;
			productName = WebView;
			productReference = 7EEDD0F01E3B1B9200C4E56F /* WebView.app */;
			productType = "com.apple.product-type.application";
		};
		7EEDD1031E3B1B9200C4E56F /* WebViewTests */ = {
			isa = PBXNativeTarget;
			buildConfigurationList = 7EEDD11B1E3B1B9200C4E56F /* Build configuration list for PBXNativeTarget "WebViewTests" */;
			buildPhases = (
				7EEDD1001E3B1B9200C4E56F /* Sources */,
				7EEDD1011E3B1B9200C4E56F /* Frameworks */,
				7EEDD1021E3B1B9200C4E56F /* Resources */,
			);
			buildRules = (
			);
			dependencies = (
				7EEDD1061E3B1B9200C4E56F /* PBXTargetDependency */,
			);
			name = WebViewTests;
			productName = WebViewTests;
			productReference = 7EEDD1041E3B1B9200C4E56F /* WebViewTests.xctest */;
			productType = "com.apple.product-type.bundle.unit-test";
		};
		7EEDD10E1E3B1B9200C4E56F /* WebViewUITests */ = {
			isa = PBXNativeTarget;
			buildConfigurationList = 7EEDD11E1E3B1B9200C4E56F /* Build configuration list for PBXNativeTarget "WebViewUITests" */;
			buildPhases = (
				7EEDD10B1E3B1B9200C4E56F /* Sources */,
				7EEDD10C1E3B1B9200C4E56F /* Frameworks */,
				7EEDD10D1E3B1B9200C4E56F /* Resources */,
			);
			buildRules = (
			);
			dependencies = (
				7EEDD1111E3B1B9200C4E56F /* PBXTargetDependency */,
			);
			name = WebViewUITests;
			productName = WebViewUITests;
			productReference = 7EEDD10F1E3B1B9200C4E56F /* WebViewUITests.xctest */;
			productType = "com.apple.product-type.bundle.ui-testing";
		};
/* End PBXNativeTarget section */

/* Begin PBXProject section */
		7EEDD0E81E3B1B9100C4E56F /* Project object */ = {
			isa = PBXProject;
			attributes = {
				LastSwiftUpdateCheck = 0810;
				LastUpgradeCheck = 0810;
				ORGANIZATIONNAME = "MagicMind Technologies Pvt. Ltd.";
				TargetAttributes = {
					7EEDD0EF1E3B1B9100C4E56F = {
						CreatedOnToolsVersion = 8.1;
						DevelopmentTeam = 8F3JSLF65M;
						ProvisioningStyle = Automatic;
					};
					7EEDD1031E3B1B9200C4E56F = {
						CreatedOnToolsVersion = 8.1;
						DevelopmentTeam = 8F3JSLF65M;
						ProvisioningStyle = Automatic;
						TestTargetID = 7EEDD0EF1E3B1B9100C4E56F;
					};
					7EEDD10E1E3B1B9200C4E56F = {
						CreatedOnToolsVersion = 8.1;
						DevelopmentTeam = 8F3JSLF65M;
						ProvisioningStyle = Automatic;
						TestTargetID = 7EEDD0EF1E3B1B9100C4E56F;
					};
				};
			};
			buildConfigurationList = 7EEDD0EB1E3B1B9100C4E56F /* Build configuration list for PBXProject "WebView" */;
			compatibilityVersion = "Xcode 3.2";
			developmentRegion = English;
			hasScannedForEncodings = 0;
			knownRegions = (
				en,
				Base,
			);
			mainGroup = 7EEDD0E71E3B1B9100C4E56F;
			productRefGroup = 7EEDD0F11E3B1B9200C4E56F /* Products */;
			projectDirPath = "";
			projectRoot = "";
			targets = (
				7EEDD0EF1E3B1B9100C4E56F /* WebView */,
				7EEDD1031E3B1B9200C4E56F /* WebViewTests */,
				7EEDD10E1E3B1B9200C4E56F /* WebViewUITests */,
			);
		};
/* End PBXProject section */

/* Begin PBXResourcesBuildPhase section */
		7EEDD0EE1E3B1B9100C4E56F /* Resources */ = {
			isa = PBXResourcesBuildPhase;
			buildActionMask = 2147483647;
			files = (
				7EEDD0FE1E3B1B9200C4E56F /* LaunchScreen.storyboard in Resources */,
				7EEDD0FB1E3B1B9200C4E56F /* Assets.xcassets in Resources */,
				7EEDD0F91E3B1B9200C4E56F /* Main.storyboard in Resources */,
			);
			runOnlyForDeploymentPostprocessing = 0;
		};
		7EEDD1021E3B1B9200C4E56F /* Resources */ = {
			isa = PBXResourcesBuildPhase;
			buildActionMask = 2147483647;
			files = (
			);
			runOnlyForDeploymentPostprocessing = 0;
		};
		7EEDD10D1E3B1B9200C4E56F /* Resources */ = {
			isa = PBXResourcesBuildPhase;
			buildActionMask = 2147483647;
			files = (
			);
			runOnlyForDeploymentPostprocessing = 0;
		};
/* End PBXResourcesBuildPhase section */

/* Begin PBXSourcesBuildPhase section */
		7EEDD0EC1E3B1B9100C4E56F /* Sources */ = {
			isa = PBXSourcesBuildPhase;
			buildActionMask = 2147483647;
			files = (
				7EEDD0F61E3B1B9200C4E56F /* ViewController.swift in Sources */,
				7ED1D6871E3B45E500501F5D /* UrlAddress.swift in Sources */,
				7EEDD0F41E3B1B9200C4E56F /* AppDelegate.swift in Sources */,
			);
			runOnlyForDeploymentPostprocessing = 0;
		};
		7EEDD1001E3B1B9200C4E56F /* Sources */ = {
			isa = PBXSourcesBuildPhase;
			buildActionMask = 2147483647;
			files = (
				7EEDD1091E3B1B9200C4E56F /* WebViewTests.swift in Sources */,
			);
			runOnlyForDeploymentPostprocessing = 0;
		};
		7EEDD10B1E3B1B9200C4E56F /* Sources */ = {
			isa = PBXSourcesBuildPhase;
			buildActionMask = 2147483647;
			files = (
				7EEDD1141E3B1B9200C4E56F /* WebViewUITests.swift in Sources */,
			);
			runOnlyForDeploymentPostprocessing = 0;
		};
/* End PBXSourcesBuildPhase section */

/* Begin PBXTargetDependency section */
		7EEDD1061E3B1B9200C4E56F /* PBXTargetDependency */ = {
			isa = PBXTargetDependency;
			target = 7EEDD0EF1E3B1B9100C4E56F /* WebView */;
			targetProxy = 7EEDD1051E3B1B9200C4E56F /* PBXContainerItemProxy */;
		};
		7EEDD1111E3B1B9200C4E56F /* PBXTargetDependency */ = {
			isa = PBXTargetDependency;
			target = 7EEDD0EF1E3B1B9100C4E56F /* WebView */;
			targetProxy = 7EEDD1101E3B1B9200C4E56F /* PBXContainerItemProxy */;
		};
/* End PBXTargetDependency section */

/* Begin PBXVariantGroup section */
		7EEDD0F71E3B1B9200C4E56F /* Main.storyboard */ = {
			isa = PBXVariantGroup;
			children = (
				7EEDD0F81E3B1B9200C4E56F /* Base */,
			);
			name = Main.storyboard;
			sourceTree = "<group>";
		};
		7EEDD0FC1E3B1B9200C4E56F /* LaunchScreen.storyboard */ = {
			isa = PBXVariantGroup;
			children = (
				7EEDD0FD1E3B1B9200C4E56F /* Base */,
			);
			name = LaunchScreen.storyboard;
			sourceTree = "<group>";
		};
/* End PBXVariantGroup section */

/* Begin XCBuildConfiguration section */
		7EEDD1161E3B1B9200C4E56F /* Debug */ = {
			isa = XCBuildConfiguration;
			buildSettings = {
				ALWAYS_SEARCH_USER_PATHS = NO;
				CLANG_ANALYZER_NONNULL = YES;
				CLANG_CXX_LANGUAGE_STANDARD = "gnu++0x";
				CLANG_CXX_LIBRARY = "libc++";
				CLANG_ENABLE_MODULES = YES;
				CLANG_ENABLE_OBJC_ARC = YES;
				CLANG_WARN_BOOL_CONVERSION = YES;
				CLANG_WARN_CONSTANT_CONVERSION = YES;
				CLANG_WARN_DIRECT_OBJC_ISA_USAGE = YES_ERROR;
				CLANG_WARN_DOCUMENTATION_COMMENTS = YES;
				CLANG_WARN_EMPTY_BODY = YES;
				CLANG_WARN_ENUM_CONVERSION = YES;
				CLANG_WARN_INFINITE_RECURSION = YES;
				CLANG_WARN_INT_CONVERSION = YES;
				CLANG_WARN_OBJC_ROOT_CLASS = YES_ERROR;
				CLANG_WARN_SUSPICIOUS_MOVES = YES;
				CLANG_WARN_UNREACHABLE_CODE = YES;
				CLANG_WARN__DUPLICATE_METHOD_MATCH = YES;
				"CODE_SIGN_IDENTITY[sdk=iphoneos*]" = "iPhone Developer";
				COPY_PHASE_STRIP = NO;
				DEBUG_INFORMATION_FORMAT = dwarf;
				ENABLE_STRICT_OBJC_MSGSEND = YES;
				ENABLE_TESTABILITY = YES;
				GCC_C_LANGUAGE_STANDARD = gnu99;
				GCC_DYNAMIC_NO_PIC = NO;
				GCC_NO_COMMON_BLOCKS = YES;
				GCC_OPTIMIZATION_LEVEL = 0;
				GCC_PREPROCESSOR_DEFINITIONS = (
					"DEBUG=1",
					"$(inherited)",
				);
				GCC_WARN_64_TO_32_BIT_CONVERSION = YES;
				GCC_WARN_ABOUT_RETURN_TYPE = YES_ERROR;
				GCC_WARN_UNDECLARED_SELECTOR = YES;
				GCC_WARN_UNINITIALIZED_AUTOS = YES_AGGRESSIVE;
				GCC_WARN_UNUSED_FUNCTION = YES;
				GCC_WARN_UNUSED_VARIABLE = YES;
				IPHONEOS_DEPLOYMENT_TARGET = 10.1;
				MTL_ENABLE_DEBUG_INFO = YES;
				ONLY_ACTIVE_ARCH = YES;
				SDKROOT = iphoneos;
				SWIFT_ACTIVE_COMPILATION_CONDITIONS = DEBUG;
				SWIFT_OPTIMIZATION_LEVEL = "-Onone";
				TARGETED_DEVICE_FAMILY = "1,2";
			};
			name = Debug;
		};
		7EEDD1171E3B1B9200C4E56F /* Release */ = {
			isa = XCBuildConfiguration;
			buildSettings = {
				ALWAYS_SEARCH_USER_PATHS = NO;
				CLANG_ANALYZER_NONNULL = YES;
				CLANG_CXX_LANGUAGE_STANDARD = "gnu++0x";
				CLANG_CXX_LIBRARY = "libc++";
				CLANG_ENABLE_MODULES = YES;
				CLANG_ENABLE_OBJC_ARC = YES;
				CLANG_WARN_BOOL_CONVERSION = YES;
				CLANG_WARN_CONSTANT_CONVERSION = YES;
				CLANG_WARN_DIRECT_OBJC_ISA_USAGE = YES_ERROR;
				CLANG_WARN_DOCUMENTATION_COMMENTS = YES;
				CLANG_WARN_EMPTY_BODY = YES;
				CLANG_WARN_ENUM_CONVERSION = YES;
				CLANG_WARN_INFINITE_RECURSION = YES;
				CLANG_WARN_INT_CONVERSION = YES;
				CLANG_WARN_OBJC_ROOT_CLASS = YES_ERROR;
				CLANG_WARN_SUSPICIOUS_MOVES = YES;
				CLANG_WARN_UNREACHABLE_CODE = YES;
				CLANG_WARN__DUPLICATE_METHOD_MATCH = YES;
				"CODE_SIGN_IDENTITY[sdk=iphoneos*]" = "iPhone Developer";
				COPY_PHASE_STRIP = NO;
				DEBUG_INFORMATION_FORMAT = "dwarf-with-dsym";
				ENABLE_NS_ASSERTIONS = NO;
				ENABLE_STRICT_OBJC_MSGSEND = YES;
				GCC_C_LANGUAGE_STANDARD = gnu99;
				GCC_NO_COMMON_BLOCKS = YES;
				GCC_WARN_64_TO_32_BIT_CONVERSION = YES;
				GCC_WARN_ABOUT_RETURN_TYPE = YES_ERROR;
				GCC_WARN_UNDECLARED_SELECTOR = YES;
				GCC_WARN_UNINITIALIZED_AUTOS = YES_AGGRESSIVE;
				GCC_WARN_UNUSED_FUNCTION = YES;
				GCC_WARN_UNUSED_VARIABLE = YES;
				IPHONEOS_DEPLOYMENT_TARGET = 10.1;
				MTL_ENABLE_DEBUG_INFO = NO;
				SDKROOT = iphoneos;
				SWIFT_OPTIMIZATION_LEVEL = "-Owholemodule";
				TARGETED_DEVICE_FAMILY = "1,2";
				VALIDATE_PRODUCT = YES;
			};
			name = Release;
		};
		7EEDD1191E3B1B9200C4E56F /* Debug */ = {
			isa = XCBuildConfiguration;
			buildSettings = {
				ASSETCATALOG_COMPILER_APPICON_NAME = AppIcon;
				DEVELOPMENT_TEAM = 8F3JSLF65M;
				INFOPLIST_FILE = WebView/Info.plist;
				LD_RUNPATH_SEARCH_PATHS = "$(inherited) @executable_path/Frameworks";
				PRODUCT_BUNDLE_IDENTIFIER = com.magicmindtechnologies.WebView;
				PRODUCT_NAME = "$(TARGET_NAME)";
				SWIFT_VERSION = 3.0;
			};
			name = Debug;
		};
		7EEDD11A1E3B1B9200C4E56F /* Release */ = {
			isa = XCBuildConfiguration;
			buildSettings = {
				ASSETCATALOG_COMPILER_APPICON_NAME = AppIcon;
				DEVELOPMENT_TEAM = 8F3JSLF65M;
				INFOPLIST_FILE = WebView/Info.plist;
				LD_RUNPATH_SEARCH_PATHS = "$(inherited) @executable_path/Frameworks";
				PRODUCT_BUNDLE_IDENTIFIER = com.magicmindtechnologies.WebView;
				PRODUCT_NAME = "$(TARGET_NAME)";
				SWIFT_VERSION = 3.0;
			};
			name = Release;
		};
		7EEDD11C1E3B1B9200C4E56F /* Debug */ = {
			isa = XCBuildConfiguration;
			buildSettings = {
				ALWAYS_EMBED_SWIFT_STANDARD_LIBRARIES = YES;
				BUNDLE_LOADER = "$(TEST_HOST)";
				DEVELOPMENT_TEAM = 8F3JSLF65M;
				INFOPLIST_FILE = WebViewTests/Info.plist;
				LD_RUNPATH_SEARCH_PATHS = "$(inherited) @executable_path/Frameworks @loader_path/Frameworks";
				PRODUCT_BUNDLE_IDENTIFIER = com.magicmindtechnologies.WebViewTests;
				PRODUCT_NAME = "$(TARGET_NAME)";
				SWIFT_VERSION = 3.0;
				TEST_HOST = "$(BUILT_PRODUCTS_DIR)/WebView.app/WebView";
			};
			name = Debug;
		};
		7EEDD11D1E3B1B9200C4E56F /* Release */ = {
			isa = XCBuildConfiguration;
			buildSettings = {
				ALWAYS_EMBED_SWIFT_STANDARD_LIBRARIES = YES;
				BUNDLE_LOADER = "$(TEST_HOST)";
				DEVELOPMENT_TEAM = 8F3JSLF65M;
				INFOPLIST_FILE = WebViewTests/Info.plist;
				LD_RUNPATH_SEARCH_PATHS = "$(inherited) @executable_path/Frameworks @loader_path/Frameworks";
				PRODUCT_BUNDLE_IDENTIFIER = com.magicmindtechnologies.WebViewTests;
				PRODUCT_NAME = "$(TARGET_NAME)";
				SWIFT_VERSION = 3.0;
				TEST_HOST = "$(BUILT_PRODUCTS_DIR)/WebView.app/WebView";
			};
			name = Release;
		};
		7EEDD11F1E3B1B9200C4E56F /* Debug */ = {
			isa = XCBuildConfiguration;
			buildSettings = {
				ALWAYS_EMBED_SWIFT_STANDARD_LIBRARIES = YES;
				DEVELOPMENT_TEAM = 8F3JSLF65M;
				INFOPLIST_FILE = WebViewUITests/Info.plist;
				LD_RUNPATH_SEARCH_PATHS = "$(inherited) @executable_path/Frameworks @loader_path/Frameworks";
				PRODUCT_BUNDLE_IDENTIFIER = com.magicmindtechnologies.WebViewUITests;
				PRODUCT_NAME = "$(TARGET_NAME)";
				SWIFT_VERSION = 3.0;
				TEST_TARGET_NAME = WebView;
			};
			name = Debug;
		};
		7EEDD1201E3B1B9200C4E56F /* Release */ = {
			isa = XCBuildConfiguration;
			buildSettings = {
				ALWAYS_EMBED_SWIFT_STANDARD_LIBRARIES = YES;
				DEVELOPMENT_TEAM = 8F3JSLF65M;
				INFOPLIST_FILE = WebViewUITests/Info.plist;
				LD_RUNPATH_SEARCH_PATHS = "$(inherited) @executable_path/Frameworks @loader_path/Frameworks";
				PRODUCT_BUNDLE_IDENTIFIER = com.magicmindtechnologies.WebViewUITests;
				PRODUCT_NAME = "$(TARGET_NAME)";
				SWIFT_VERSION = 3.0;
				TEST_TARGET_NAME = WebView;
			};
			name = Release;
		};
/* End XCBuildConfiguration section */

/* Begin XCConfigurationList section */
		7EEDD0EB1E3B1B9100C4E56F /* Build configuration list for PBXProject "WebView" */ = {
			isa = XCConfigurationList;
			buildConfigurations = (
				7EEDD1161E3B1B9200C4E56F /* Debug */,
				7EEDD1171E3B1B9200C4E56F /* Release */,
			);
			defaultConfigurationIsVisible = 0;
			defaultConfigurationName = Release;
		};
		7EEDD1181E3B1B9200C4E56F /* Build configuration list for PBXNativeTarget "WebView" */ = {
			isa = XCConfigurationList;
			buildConfigurations = (
				7EEDD1191E3B1B9200C4E56F /* Debug */,
				7EEDD11A1E3B1B9200C4E56F /* Release */,
			);
			defaultConfigurationIsVisible = 0;
			defaultConfigurationName = Release;
		};
		7EEDD11B1E3B1B9200C4E56F /* Build configuration list for PBXNativeTarget "WebViewTests" */ = {
			isa = XCConfigurationList;
			buildConfigurations = (
				7EEDD11C1E3B1B9200C4E56F /* Debug */,
				7EEDD11D1E3B1B9200C4E56F /* Release */,
			);
			defaultConfigurationIsVisible = 0;
			defaultConfigurationName = Release;
		};
		7EEDD11E1E3B1B9200C4E56F /* Build configuration list for PBXNativeTarget "WebViewUITests" */ = {
			isa = XCConfigurationList;
			buildConfigurations = (
				7EEDD11F1E3B1B9200C4E56F /* Debug */,
				7EEDD1201E3B1B9200C4E56F /* Release */,
			);
			defaultConfigurationIsVisible = 0;
			defaultConfigurationName = Release;
		};
/* End XCConfigurationList section */
	};
	rootObject = 7EEDD0E81E3B1B9100C4E56F /* Project object */;
}
